// !$*UTF8*$!
{
	archiveVersion = 1;
	classes = {
	};
	objectVersion = 46;
	objects = {

/* Begin PBXBuildFile section */
		646C03251ED0B65400F3E930 /* Roboto-Black.ttf in Resources */ = {isa = PBXBuildFile; fileRef = 646C03181ED0B5BD00F3E930 /* Roboto-Black.ttf */; };
		646C03261ED0B65900F3E930 /* Roboto-BlackItalic.ttf in Resources */ = {isa = PBXBuildFile; fileRef = 646C03191ED0B5BE00F3E930 /* Roboto-BlackItalic.ttf */; };
		646C03271ED0B65900F3E930 /* Roboto-Bold.ttf in Resources */ = {isa = PBXBuildFile; fileRef = 646C031A1ED0B5BE00F3E930 /* Roboto-Bold.ttf */; };
		646C03281ED0B65900F3E930 /* Roboto-BoldItalic.ttf in Resources */ = {isa = PBXBuildFile; fileRef = 646C031B1ED0B5BE00F3E930 /* Roboto-BoldItalic.ttf */; };
		646C03291ED0B65900F3E930 /* Roboto-Italic.ttf in Resources */ = {isa = PBXBuildFile; fileRef = 646C031C1ED0B5BE00F3E930 /* Roboto-Italic.ttf */; };
		646C032A1ED0B65900F3E930 /* Roboto-Light.ttf in Resources */ = {isa = PBXBuildFile; fileRef = 646C031D1ED0B5BE00F3E930 /* Roboto-Light.ttf */; };
		646C032B1ED0B65900F3E930 /* Roboto-LightItalic.ttf in Resources */ = {isa = PBXBuildFile; fileRef = 646C031E1ED0B5BE00F3E930 /* Roboto-LightItalic.ttf */; };
		646C032C1ED0B65900F3E930 /* Roboto-Medium.ttf in Resources */ = {isa = PBXBuildFile; fileRef = 646C031F1ED0B5BE00F3E930 /* Roboto-Medium.ttf */; };
		646C032D1ED0B65900F3E930 /* Roboto-MediumItalic.ttf in Resources */ = {isa = PBXBuildFile; fileRef = 646C03201ED0B5BE00F3E930 /* Roboto-MediumItalic.ttf */; };
		646C032E1ED0B65900F3E930 /* Roboto-Regular.ttf in Resources */ = {isa = PBXBuildFile; fileRef = 646C03211ED0B5BE00F3E930 /* Roboto-Regular.ttf */; };
		646C032F1ED0B65900F3E930 /* Roboto-Thin.ttf in Resources */ = {isa = PBXBuildFile; fileRef = 646C03221ED0B5BE00F3E930 /* Roboto-Thin.ttf */; };
		646C03301ED0B65900F3E930 /* Roboto-ThinItalic.ttf in Resources */ = {isa = PBXBuildFile; fileRef = 646C03231ED0B5BE00F3E930 /* Roboto-ThinItalic.ttf */; };
		64CEDB031ECCD50C003E2CCD /* Extensions.swift in Sources */ = {isa = PBXBuildFile; fileRef = 64CEDB021ECCD50C003E2CCD /* Extensions.swift */; };
		64F8031F1ECB556300036366 /* AppDelegate.swift in Sources */ = {isa = PBXBuildFile; fileRef = 64F8031E1ECB556300036366 /* AppDelegate.swift */; };
		64F803211ECB556300036366 /* TimerController.swift in Sources */ = {isa = PBXBuildFile; fileRef = 64F803201ECB556300036366 /* TimerController.swift */; };
		64F803241ECB556300036366 /* Main.storyboard in Resources */ = {isa = PBXBuildFile; fileRef = 64F803221ECB556300036366 /* Main.storyboard */; };
		64F803261ECB556300036366 /* Assets.xcassets in Resources */ = {isa = PBXBuildFile; fileRef = 64F803251ECB556300036366 /* Assets.xcassets */; };
		64F803291ECB556300036366 /* LaunchScreen.storyboard in Resources */ = {isa = PBXBuildFile; fileRef = 64F803271ECB556300036366 /* LaunchScreen.storyboard */; };
/* End PBXBuildFile section */

/* Begin PBXFileReference section */
		646C03181ED0B5BD00F3E930 /* Roboto-Black.ttf */ = {isa = PBXFileReference; lastKnownFileType = file; path = "Roboto-Black.ttf"; sourceTree = "<group>"; };
		646C03191ED0B5BE00F3E930 /* Roboto-BlackItalic.ttf */ = {isa = PBXFileReference; lastKnownFileType = file; path = "Roboto-BlackItalic.ttf"; sourceTree = "<group>"; };
		646C031A1ED0B5BE00F3E930 /* Roboto-Bold.ttf */ = {isa = PBXFileReference; lastKnownFileType = file; path = "Roboto-Bold.ttf"; sourceTree = "<group>"; };
		646C031B1ED0B5BE00F3E930 /* Roboto-BoldItalic.ttf */ = {isa = PBXFileReference; lastKnownFileType = file; path = "Roboto-BoldItalic.ttf"; sourceTree = "<group>"; };
		646C031C1ED0B5BE00F3E930 /* Roboto-Italic.ttf */ = {isa = PBXFileReference; lastKnownFileType = file; path = "Roboto-Italic.ttf"; sourceTree = "<group>"; };
		646C031D1ED0B5BE00F3E930 /* Roboto-Light.ttf */ = {isa = PBXFileReference; lastKnownFileType = file; path = "Roboto-Light.ttf"; sourceTree = "<group>"; };
		646C031E1ED0B5BE00F3E930 /* Roboto-LightItalic.ttf */ = {isa = PBXFileReference; lastKnownFileType = file; path = "Roboto-LightItalic.ttf"; sourceTree = "<group>"; };
		646C031F1ED0B5BE00F3E930 /* Roboto-Medium.ttf */ = {isa = PBXFileReference; lastKnownFileType = file; path = "Roboto-Medium.ttf"; sourceTree = "<group>"; };
		646C03201ED0B5BE00F3E930 /* Roboto-MediumItalic.ttf */ = {isa = PBXFileReference; lastKnownFileType = file; path = "Roboto-MediumItalic.ttf"; sourceTree = "<group>"; };
		646C03211ED0B5BE00F3E930 /* Roboto-Regular.ttf */ = {isa = PBXFileReference; lastKnownFileType = file; path = "Roboto-Regular.ttf"; sourceTree = "<group>"; };
		646C03221ED0B5BE00F3E930 /* Roboto-Thin.ttf */ = {isa = PBXFileReference; lastKnownFileType = file; path = "Roboto-Thin.ttf"; sourceTree = "<group>"; };
		646C03231ED0B5BE00F3E930 /* Roboto-ThinItalic.ttf */ = {isa = PBXFileReference; lastKnownFileType = file; path = "Roboto-ThinItalic.ttf"; sourceTree = "<group>"; };
		64CEDB021ECCD50C003E2CCD /* Extensions.swift */ = {isa = PBXFileReference; fileEncoding = 4; lastKnownFileType = sourcecode.swift; path = Extensions.swift; sourceTree = "<group>"; };
		64F8031B1ECB556300036366 /* BreathingTimer.app */ = {isa = PBXFileReference; explicitFileType = wrapper.application; includeInIndex = 0; path = BreathingTimer.app; sourceTree = BUILT_PRODUCTS_DIR; };
		64F8031E1ECB556300036366 /* AppDelegate.swift */ = {isa = PBXFileReference; lastKnownFileType = sourcecode.swift; path = AppDelegate.swift; sourceTree = "<group>"; };
		64F803201ECB556300036366 /* TimerController.swift */ = {isa = PBXFileReference; lastKnownFileType = sourcecode.swift; path = TimerController.swift; sourceTree = "<group>"; };
		64F803231ECB556300036366 /* Base */ = {isa = PBXFileReference; lastKnownFileType = file.storyboard; name = Base; path = Base.lproj/Main.storyboard; sourceTree = "<group>"; };
		64F803251ECB556300036366 /* Assets.xcassets */ = {isa = PBXFileReference; lastKnownFileType = folder.assetcatalog; path = Assets.xcassets; sourceTree = "<group>"; };
		64F803281ECB556300036366 /* Base */ = {isa = PBXFileReference; lastKnownFileType = file.storyboard; name = Base; path = Base.lproj/LaunchScreen.storyboard; sourceTree = "<group>"; };
		64F8032A1ECB556300036366 /* Info.plist */ = {isa = PBXFileReference; lastKnownFileType = text.plist.xml; path = Info.plist; sourceTree = "<group>"; };
/* End PBXFileReference section */

/* Begin PBXFrameworksBuildPhase section */
		64F803181ECB556300036366 /* Frameworks */ = {
			isa = PBXFrameworksBuildPhase;
			buildActionMask = 2147483647;
			files = (
			);
			runOnlyForDeploymentPostprocessing = 0;
		};
/* End PBXFrameworksBuildPhase section */

/* Begin PBXGroup section */
		646C03241ED0B5C500F3E930 /* Resources */ = {
			isa = PBXGroup;
			children = (
				646C03181ED0B5BD00F3E930 /* Roboto-Black.ttf */,
				646C03191ED0B5BE00F3E930 /* Roboto-BlackItalic.ttf */,
				646C031A1ED0B5BE00F3E930 /* Roboto-Bold.ttf */,
				646C031B1ED0B5BE00F3E930 /* Roboto-BoldItalic.ttf */,
				646C031C1ED0B5BE00F3E930 /* Roboto-Italic.ttf */,
				646C031D1ED0B5BE00F3E930 /* Roboto-Light.ttf */,
				646C031E1ED0B5BE00F3E930 /* Roboto-LightItalic.ttf */,
				646C031F1ED0B5BE00F3E930 /* Roboto-Medium.ttf */,
				646C03201ED0B5BE00F3E930 /* Roboto-MediumItalic.ttf */,
				646C03211ED0B5BE00F3E930 /* Roboto-Regular.ttf */,
				646C03221ED0B5BE00F3E930 /* Roboto-Thin.ttf */,
				646C03231ED0B5BE00F3E930 /* Roboto-ThinItalic.ttf */,
			);
			name = Resources;
			sourceTree = "<group>";
		};
		64F803121ECB556300036366 = {
			isa = PBXGroup;
			children = (
				64F8031D1ECB556300036366 /* BreathingTimer */,
				64F8031C1ECB556300036366 /* Products */,
			);
			sourceTree = "<group>";
		};
		64F8031C1ECB556300036366 /* Products */ = {
			isa = PBXGroup;
			children = (
				64F8031B1ECB556300036366 /* BreathingTimer.app */,
			);
			name = Products;
			sourceTree = "<group>";
		};
		64F8031D1ECB556300036366 /* BreathingTimer */ = {
			isa = PBXGroup;
			children = (
				646C03241ED0B5C500F3E930 /* Resources */,
				64F8031E1ECB556300036366 /* AppDelegate.swift */,
				64F803201ECB556300036366 /* TimerController.swift */,
				64F803221ECB556300036366 /* Main.storyboard */,
				64F803251ECB556300036366 /* Assets.xcassets */,
				64F803271ECB556300036366 /* LaunchScreen.storyboard */,
				64F8032A1ECB556300036366 /* Info.plist */,
				64CEDB021ECCD50C003E2CCD /* Extensions.swift */,
			);
			path = BreathingTimer;
			sourceTree = "<group>";
		};
/* End PBXGroup section */

/* Begin PBXNativeTarget section */
		64F8031A1ECB556300036366 /* BreathingTimer */ = {
			isa = PBXNativeTarget;
			buildConfigurationList = 64F8032D1ECB556300036366 /* Build configuration list for PBXNativeTarget "BreathingTimer" */;
			buildPhases = (
				64F803171ECB556300036366 /* Sources */,
				64F803181ECB556300036366 /* Frameworks */,
				64F803191ECB556300036366 /* Resources */,
			);
			buildRules = (
			);
			dependencies = (
			);
			name = BreathingTimer;
			productName = BreathingTimer;
			productReference = 64F8031B1ECB556300036366 /* BreathingTimer.app */;
			productType = "com.apple.product-type.application";
		};
/* End PBXNativeTarget section */

/* Begin PBXProject section */
		64F803131ECB556300036366 /* Project object */ = {
			isa = PBXProject;
			attributes = {
				LastSwiftUpdateCheck = 0820;
				LastUpgradeCheck = 0820;
				ORGANIZATIONNAME = "Daniele Perazzolo";
				TargetAttributes = {
					64F8031A1ECB556300036366 = {
						CreatedOnToolsVersion = 8.2.1;
						DevelopmentTeam = G2B2YA29R2;
						ProvisioningStyle = Automatic;
					};
				};
			};
			buildConfigurationList = 64F803161ECB556300036366 /* Build configuration list for PBXProject "BreathingTimer" */;
			compatibilityVersion = "Xcode 3.2";
			developmentRegion = English;
			hasScannedForEncodings = 0;
			knownRegions = (
				en,
				Base,
			);
			mainGroup = 64F803121ECB556300036366;
			productRefGroup = 64F8031C1ECB556300036366 /* Products */;
			projectDirPath = "";
			projectRoot = "";
			targets = (
				64F8031A1ECB556300036366 /* BreathingTimer */,
			);
		};
/* End PBXProject section */

/* Begin PBXResourcesBuildPhase section */
		64F803191ECB556300036366 /* Resources */ = {
			isa = PBXResourcesBuildPhase;
			buildActionMask = 2147483647;
			files = (
				646C03301ED0B65900F3E930 /* Roboto-ThinItalic.ttf in Resources */,
				646C032F1ED0B65900F3E930 /* Roboto-Thin.ttf in Resources */,
				64F803291ECB556300036366 /* LaunchScreen.storyboard in Resources */,
				64F803261ECB556300036366 /* Assets.xcassets in Resources */,
				646C032B1ED0B65900F3E930 /* Roboto-LightItalic.ttf in Resources */,
				646C03271ED0B65900F3E930 /* Roboto-Bold.ttf in Resources */,
				646C032D1ED0B65900F3E930 /* Roboto-MediumItalic.ttf in Resources */,
				646C03261ED0B65900F3E930 /* Roboto-BlackItalic.ttf in Resources */,
				64F803241ECB556300036366 /* Main.storyboard in Resources */,
				646C03291ED0B65900F3E930 /* Roboto-Italic.ttf in Resources */,
				646C03281ED0B65900F3E930 /* Roboto-BoldItalic.ttf in Resources */,
				646C032C1ED0B65900F3E930 /* Roboto-Medium.ttf in Resources */,
				646C032E1ED0B65900F3E930 /* Roboto-Regular.ttf in Resources */,
				646C03251ED0B65400F3E930 /* Roboto-Black.ttf in Resources */,
				646C032A1ED0B65900F3E930 /* Roboto-Light.ttf in Resources */,
			);
			runOnlyForDeploymentPostprocessing = 0;
		};
/* End PBXResourcesBuildPhase section */

/* Begin PBXSourcesBuildPhase section */
		64F803171ECB556300036366 /* Sources */ = {
			isa = PBXSourcesBuildPhase;
			buildActionMask = 2147483647;
			files = (
				64F803211ECB556300036366 /* TimerController.swift in Sources */,
				64CEDB031ECCD50C003E2CCD /* Extensions.swift in Sources */,
				64F8031F1ECB556300036366 /* AppDelegate.swift in Sources */,
			);
			runOnlyForDeploymentPostprocessing = 0;
		};
/* End PBXSourcesBuildPhase section */

/* Begin PBXVariantGroup section */
		64F803221ECB556300036366 /* Main.storyboard */ = {
			isa = PBXVariantGroup;
			children = (
				64F803231ECB556300036366 /* Base */,
			);
			name = Main.storyboard;
			sourceTree = "<group>";
		};
		64F803271ECB556300036366 /* LaunchScreen.storyboard */ = {
			isa = PBXVariantGroup;
			children = (
				64F803281ECB556300036366 /* Base */,
			);
			name = LaunchScreen.storyboard;
			sourceTree = "<group>";
		};
/* End PBXVariantGroup section */

/* Begin XCBuildConfiguration section */
		64F8032B1ECB556300036366 /* Debug */ = {
			isa = XCBuildConfiguration;
			buildSettings = {
				ALWAYS_SEARCH_USER_PATHS = NO;
				CLANG_ANALYZER_NONNULL = YES;
				CLANG_CXX_LANGUAGE_STANDARD = "gnu++0x";
				CLANG_CXX_LIBRARY = "libc++";
				CLANG_ENABLE_MODULES = YES;
				CLANG_ENABLE_OBJC_ARC = YES;
				CLANG_WARN_BOOL_CONVERSION = YES;
				CLANG_WARN_CONSTANT_CONVERSION = YES;
				CLANG_WARN_DIRECT_OBJC_ISA_USAGE = YES_ERROR;
				CLANG_WARN_DOCUMENTATION_COMMENTS = YES;
				CLANG_WARN_EMPTY_BODY = YES;
				CLANG_WARN_ENUM_CONVERSION = YES;
				CLANG_WARN_INFINITE_RECURSION = YES;
				CLANG_WARN_INT_CONVERSION = YES;
				CLANG_WARN_OBJC_ROOT_CLASS = YES_ERROR;
				CLANG_WARN_SUSPICIOUS_MOVE = YES;
				CLANG_WARN_UNREACHABLE_CODE = YES;
				CLANG_WARN__DUPLICATE_METHOD_MATCH = YES;
				"CODE_SIGN_IDENTITY[sdk=iphoneos*]" = "iPhone Developer";
				COPY_PHASE_STRIP = NO;
				DEBUG_INFORMATION_FORMAT = dwarf;
				ENABLE_STRICT_OBJC_MSGSEND = YES;
				ENABLE_TESTABILITY = YES;
				GCC_C_LANGUAGE_STANDARD = gnu99;
				GCC_DYNAMIC_NO_PIC = NO;
				GCC_NO_COMMON_BLOCKS = YES;
				GCC_OPTIMIZATION_LEVEL = 0;
				GCC_PREPROCESSOR_DEFINITIONS = (
					"DEBUG=1",
					"$(inherited)",
				);
				GCC_WARN_64_TO_32_BIT_CONVERSION = YES;
				GCC_WARN_ABOUT_RETURN_TYPE = YES_ERROR;
				GCC_WARN_UNDECLARED_SELECTOR = YES;
				GCC_WARN_UNINITIALIZED_AUTOS = YES_AGGRESSIVE;
				GCC_WARN_UNUSED_FUNCTION = YES;
				GCC_WARN_UNUSED_VARIABLE = YES;
				IPHONEOS_DEPLOYMENT_TARGET = 10.2;
				MTL_ENABLE_DEBUG_INFO = YES;
				ONLY_ACTIVE_ARCH = YES;
				SDKROOT = iphoneos;
				SWIFT_ACTIVE_COMPILATION_CONDITIONS = DEBUG;
				SWIFT_OPTIMIZATION_LEVEL = "-Onone";
				TARGETED_DEVICE_FAMILY = "1,2";
			};
			name = Debug;
		};
		64F8032C1ECB556300036366 /* Release */ = {
			isa = XCBuildConfiguration;
			buildSettings = {
				ALWAYS_SEARCH_USER_PATHS = NO;
				CLANG_ANALYZER_NONNULL = YES;
				CLANG_CXX_LANGUAGE_STANDARD = "gnu++0x";
				CLANG_CXX_LIBRARY = "libc++";
				CLANG_ENABLE_MODULES = YES;
				CLANG_ENABLE_OBJC_ARC = YES;
				CLANG_WARN_BOOL_CONVERSION = YES;
				CLANG_WARN_CONSTANT_CONVERSION = YES;
				CLANG_WARN_DIRECT_OBJC_ISA_USAGE = YES_ERROR;
				CLANG_WARN_DOCUMENTATION_COMMENTS = YES;
				CLANG_WARN_EMPTY_BODY = YES;
				CLANG_WARN_ENUM_CONVERSION = YES;
				CLANG_WARN_INFINITE_RECURSION = YES;
				CLANG_WARN_INT_CONVERSION = YES;
				CLANG_WARN_OBJC_ROOT_CLASS = YES_ERROR;
				CLANG_WARN_SUSPICIOUS_MOVE = YES;
				CLANG_WARN_UNREACHABLE_CODE = YES;
				CLANG_WARN__DUPLICATE_METHOD_MATCH = YES;
				"CODE_SIGN_IDENTITY[sdk=iphoneos*]" = "iPhone Developer";
				COPY_PHASE_STRIP = NO;
				DEBUG_INFORMATION_FORMAT = "dwarf-with-dsym";
				ENABLE_NS_ASSERTIONS = NO;
				ENABLE_STRICT_OBJC_MSGSEND = YES;
				GCC_C_LANGUAGE_STANDARD = gnu99;
				GCC_NO_COMMON_BLOCKS = YES;
				GCC_WARN_64_TO_32_BIT_CONVERSION = YES;
				GCC_WARN_ABOUT_RETURN_TYPE = YES_ERROR;
				GCC_WARN_UNDECLARED_SELECTOR = YES;
				GCC_WARN_UNINITIALIZED_AUTOS = YES_AGGRESSIVE;
				GCC_WARN_UNUSED_FUNCTION = YES;
				GCC_WARN_UNUSED_VARIABLE = YES;
				IPHONEOS_DEPLOYMENT_TARGET = 10.2;
				MTL_ENABLE_DEBUG_INFO = NO;
				SDKROOT = iphoneos;
				SWIFT_OPTIMIZATION_LEVEL = "-Owholemodule";
				TARGETED_DEVICE_FAMILY = "1,2";
				VALIDATE_PRODUCT = YES;
			};
			name = Release;
		};
		64F8032E1ECB556300036366 /* Debug */ = {
			isa = XCBuildConfiguration;
			buildSettings = {
				ASSETCATALOG_COMPILER_APPICON_NAME = AppIcon;
				DEVELOPMENT_TEAM = G2B2YA29R2;
				INFOPLIST_FILE = BreathingTimer/Info.plist;
				LD_RUNPATH_SEARCH_PATHS = "$(inherited) @executable_path/Frameworks";
				PRODUCT_BUNDLE_IDENTIFIER = com.dpera.BreathingTimer;
				PRODUCT_NAME = "$(TARGET_NAME)";
				SWIFT_VERSION = 3.0;
			};
			name = Debug;
		};
		64F8032F1ECB556300036366 /* Release */ = {
			isa = XCBuildConfiguration;
			buildSettings = {
				ASSETCATALOG_COMPILER_APPICON_NAME = AppIcon;
				DEVELOPMENT_TEAM = G2B2YA29R2;
				INFOPLIST_FILE = BreathingTimer/Info.plist;
				LD_RUNPATH_SEARCH_PATHS = "$(inherited) @executable_path/Frameworks";
				PRODUCT_BUNDLE_IDENTIFIER = com.dpera.BreathingTimer;
				PRODUCT_NAME = "$(TARGET_NAME)";
				SWIFT_VERSION = 3.0;
			};
			name = Release;
		};
/* End XCBuildConfiguration section */

/* Begin XCConfigurationList section */
		64F803161ECB556300036366 /* Build configuration list for PBXProject "BreathingTimer" */ = {
			isa = XCConfigurationList;
			buildConfigurations = (
				64F8032B1ECB556300036366 /* Debug */,
				64F8032C1ECB556300036366 /* Release */,
			);
			defaultConfigurationIsVisible = 0;
			defaultConfigurationName = Release;
		};
		64F8032D1ECB556300036366 /* Build configuration list for PBXNativeTarget "BreathingTimer" */ = {
			isa = XCConfigurationList;
			buildConfigurations = (
				64F8032E1ECB556300036366 /* Debug */,
				64F8032F1ECB556300036366 /* Release */,
			);
			defaultConfigurationIsVisible = 0;
			defaultConfigurationName = Release;
		};
/* End XCConfigurationList section */
	};
	rootObject = 64F803131ECB556300036366 /* Project object */;
}
